// !$*UTF8*$!
{
	archiveVersion = 1;
	classes = {
	};
	objectVersion = 50;
	objects = {

/* Begin PBXBuildFile section */
		2D54DEA32698663100E19DCA /* SwiftUI_GesturesApp.swift in Sources */ = {isa = PBXBuildFile; fileRef = 2D54DEA22698663100E19DCA /* SwiftUI_GesturesApp.swift */; };
		2D54DEA52698663100E19DCA /* ContentView.swift in Sources */ = {isa = PBXBuildFile; fileRef = 2D54DEA42698663100E19DCA /* ContentView.swift */; };
		2D54DEA72698663800E19DCA /* Assets.xcassets in Resources */ = {isa = PBXBuildFile; fileRef = 2D54DEA62698663800E19DCA /* Assets.xcassets */; };
		2D54DEAA2698663800E19DCA /* Preview Assets.xcassets in Resources */ = {isa = PBXBuildFile; fileRef = 2D54DEA92698663800E19DCA /* Preview Assets.xcassets */; };
		2D54DEB52698663800E19DCA /* SwiftUI_GesturesTests.swift in Sources */ = {isa = PBXBuildFile; fileRef = 2D54DEB42698663800E19DCA /* SwiftUI_GesturesTests.swift */; };
		2D54DEC02698663800E19DCA /* SwiftUI_GesturesUITests.swift in Sources */ = {isa = PBXBuildFile; fileRef = 2D54DEBF2698663800E19DCA /* SwiftUI_GesturesUITests.swift */; };
		2D54DED5269867AA00E19DCA /* Card.swift in Sources */ = {isa = PBXBuildFile; fileRef = 2D54DED4269867AA00E19DCA /* Card.swift */; };
/* End PBXBuildFile section */

/* Begin PBXContainerItemProxy section */
		2D54DEB12698663800E19DCA /* PBXContainerItemProxy */ = {
			isa = PBXContainerItemProxy;
			containerPortal = 2D54DE972698663100E19DCA /* Project object */;
			proxyType = 1;
			remoteGlobalIDString = 2D54DE9E2698663100E19DCA;
			remoteInfo = "SwiftUI-Gestures";
		};
		2D54DEBC2698663800E19DCA /* PBXContainerItemProxy */ = {
			isa = PBXContainerItemProxy;
			containerPortal = 2D54DE972698663100E19DCA /* Project object */;
			proxyType = 1;
			remoteGlobalIDString = 2D54DE9E2698663100E19DCA;
			remoteInfo = "SwiftUI-Gestures";
		};
/* End PBXContainerItemProxy section */

/* Begin PBXFileReference section */
		2D54DE9F2698663100E19DCA /* SwiftUI-Gestures.app */ = {isa = PBXFileReference; explicitFileType = wrapper.application; includeInIndex = 0; path = "SwiftUI-Gestures.app"; sourceTree = BUILT_PRODUCTS_DIR; };
		2D54DEA22698663100E19DCA /* SwiftUI_GesturesApp.swift */ = {isa = PBXFileReference; lastKnownFileType = sourcecode.swift; path = SwiftUI_GesturesApp.swift; sourceTree = "<group>"; };
		2D54DEA42698663100E19DCA /* ContentView.swift */ = {isa = PBXFileReference; lastKnownFileType = sourcecode.swift; path = ContentView.swift; sourceTree = "<group>"; };
		2D54DEA62698663800E19DCA /* Assets.xcassets */ = {isa = PBXFileReference; lastKnownFileType = folder.assetcatalog; path = Assets.xcassets; sourceTree = "<group>"; };
		2D54DEA92698663800E19DCA /* Preview Assets.xcassets */ = {isa = PBXFileReference; lastKnownFileType = folder.assetcatalog; path = "Preview Assets.xcassets"; sourceTree = "<group>"; };
		2D54DEAB2698663800E19DCA /* Info.plist */ = {isa = PBXFileReference; lastKnownFileType = text.plist.xml; path = Info.plist; sourceTree = "<group>"; };
		2D54DEB02698663800E19DCA /* SwiftUI-GesturesTests.xctest */ = {isa = PBXFileReference; explicitFileType = wrapper.cfbundle; includeInIndex = 0; path = "SwiftUI-GesturesTests.xctest"; sourceTree = BUILT_PRODUCTS_DIR; };
		2D54DEB42698663800E19DCA /* SwiftUI_GesturesTests.swift */ = {isa = PBXFileReference; lastKnownFileType = sourcecode.swift; path = SwiftUI_GesturesTests.swift; sourceTree = "<group>"; };
		2D54DEB62698663800E19DCA /* Info.plist */ = {isa = PBXFileReference; lastKnownFileType = text.plist.xml; path = Info.plist; sourceTree = "<group>"; };
		2D54DEBB2698663800E19DCA /* SwiftUI-GesturesUITests.xctest */ = {isa = PBXFileReference; explicitFileType = wrapper.cfbundle; includeInIndex = 0; path = "SwiftUI-GesturesUITests.xctest"; sourceTree = BUILT_PRODUCTS_DIR; };
		2D54DEBF2698663800E19DCA /* SwiftUI_GesturesUITests.swift */ = {isa = PBXFileReference; lastKnownFileType = sourcecode.swift; path = SwiftUI_GesturesUITests.swift; sourceTree = "<group>"; };
		2D54DEC12698663800E19DCA /* Info.plist */ = {isa = PBXFileReference; lastKnownFileType = text.plist.xml; path = Info.plist; sourceTree = "<group>"; };
		2D54DED4269867AA00E19DCA /* Card.swift */ = {isa = PBXFileReference; lastKnownFileType = sourcecode.swift; path = Card.swift; sourceTree = "<group>"; };
/* End PBXFileReference section */

/* Begin PBXFrameworksBuildPhase section */
		2D54DE9C2698663100E19DCA /* Frameworks */ = {
			isa = PBXFrameworksBuildPhase;
			buildActionMask = 2147483647;
			files = (
			);
			runOnlyForDeploymentPostprocessing = 0;
		};
		2D54DEAD2698663800E19DCA /* Frameworks */ = {
			isa = PBXFrameworksBuildPhase;
			buildActionMask = 2147483647;
			files = (
			);
			runOnlyForDeploymentPostprocessing = 0;
		};
		2D54DEB82698663800E19DCA /* Frameworks */ = {
			isa = PBXFrameworksBuildPhase;
			buildActionMask = 2147483647;
			files = (
			);
			runOnlyForDeploymentPostprocessing = 0;
		};
/* End PBXFrameworksBuildPhase section */

/* Begin PBXGroup section */
		2D54DE962698663100E19DCA = {
			isa = PBXGroup;
			children = (
				2D54DEA12698663100E19DCA /* SwiftUI-Gestures */,
				2D54DEB32698663800E19DCA /* SwiftUI-GesturesTests */,
				2D54DEBE2698663800E19DCA /* SwiftUI-GesturesUITests */,
				2D54DEA02698663100E19DCA /* Products */,
			);
			sourceTree = "<group>";
		};
		2D54DEA02698663100E19DCA /* Products */ = {
			isa = PBXGroup;
			children = (
				2D54DE9F2698663100E19DCA /* SwiftUI-Gestures.app */,
				2D54DEB02698663800E19DCA /* SwiftUI-GesturesTests.xctest */,
				2D54DEBB2698663800E19DCA /* SwiftUI-GesturesUITests.xctest */,
			);
			name = Products;
			sourceTree = "<group>";
		};
		2D54DEA12698663100E19DCA /* SwiftUI-Gestures */ = {
			isa = PBXGroup;
			children = (
				2D54DED02698679700E19DCA /* View */,
				2D54DEA22698663100E19DCA /* SwiftUI_GesturesApp.swift */,
				2D54DEA42698663100E19DCA /* ContentView.swift */,
				2D54DEA62698663800E19DCA /* Assets.xcassets */,
				2D54DEAB2698663800E19DCA /* Info.plist */,
				2D54DEA82698663800E19DCA /* Preview Content */,
			);
			path = "SwiftUI-Gestures";
			sourceTree = "<group>";
		};
		2D54DEA82698663800E19DCA /* Preview Content */ = {
			isa = PBXGroup;
			children = (
				2D54DEA92698663800E19DCA /* Preview Assets.xcassets */,
			);
			path = "Preview Content";
			sourceTree = "<group>";
		};
		2D54DEB32698663800E19DCA /* SwiftUI-GesturesTests */ = {
			isa = PBXGroup;
			children = (
				2D54DEB42698663800E19DCA /* SwiftUI_GesturesTests.swift */,
				2D54DEB62698663800E19DCA /* Info.plist */,
			);
			path = "SwiftUI-GesturesTests";
			sourceTree = "<group>";
		};
		2D54DEBE2698663800E19DCA /* SwiftUI-GesturesUITests */ = {
			isa = PBXGroup;
			children = (
				2D54DEBF2698663800E19DCA /* SwiftUI_GesturesUITests.swift */,
				2D54DEC12698663800E19DCA /* Info.plist */,
			);
			path = "SwiftUI-GesturesUITests";
			sourceTree = "<group>";
		};
		2D54DED02698679700E19DCA /* View */ = {
			isa = PBXGroup;
			children = (
				2D54DED4269867AA00E19DCA /* Card.swift */,
			);
			path = View;
			sourceTree = "<group>";
		};
/* End PBXGroup section */

/* Begin PBXNativeTarget section */
		2D54DE9E2698663100E19DCA /* SwiftUI-Gestures */ = {
			isa = PBXNativeTarget;
			buildConfigurationList = 2D54DEC42698663800E19DCA /* Build configuration list for PBXNativeTarget "SwiftUI-Gestures" */;
			buildPhases = (
				2D54DE9B2698663100E19DCA /* Sources */,
				2D54DE9C2698663100E19DCA /* Frameworks */,
				2D54DE9D2698663100E19DCA /* Resources */,
			);
			buildRules = (
			);
			dependencies = (
			);
			name = "SwiftUI-Gestures";
			productName = "SwiftUI-Gestures";
			productReference = 2D54DE9F2698663100E19DCA /* SwiftUI-Gestures.app */;
			productType = "com.apple.product-type.application";
		};
		2D54DEAF2698663800E19DCA /* SwiftUI-GesturesTests */ = {
			isa = PBXNativeTarget;
			buildConfigurationList = 2D54DEC72698663800E19DCA /* Build configuration list for PBXNativeTarget "SwiftUI-GesturesTests" */;
			buildPhases = (
				2D54DEAC2698663800E19DCA /* Sources */,
				2D54DEAD2698663800E19DCA /* Frameworks */,
				2D54DEAE2698663800E19DCA /* Resources */,
			);
			buildRules = (
			);
			dependencies = (
				2D54DEB22698663800E19DCA /* PBXTargetDependency */,
			);
			name = "SwiftUI-GesturesTests";
			productName = "SwiftUI-GesturesTests";
			productReference = 2D54DEB02698663800E19DCA /* SwiftUI-GesturesTests.xctest */;
			productType = "com.apple.product-type.bundle.unit-test";
		};
		2D54DEBA2698663800E19DCA /* SwiftUI-GesturesUITests */ = {
			isa = PBXNativeTarget;
			buildConfigurationList = 2D54DECA2698663800E19DCA /* Build configuration list for PBXNativeTarget "SwiftUI-GesturesUITests" */;
			buildPhases = (
				2D54DEB72698663800E19DCA /* Sources */,
				2D54DEB82698663800E19DCA /* Frameworks */,
				2D54DEB92698663800E19DCA /* Resources */,
			);
			buildRules = (
			);
			dependencies = (
				2D54DEBD2698663800E19DCA /* PBXTargetDependency */,
			);
			name = "SwiftUI-GesturesUITests";
			productName = "SwiftUI-GesturesUITests";
			productReference = 2D54DEBB2698663800E19DCA /* SwiftUI-GesturesUITests.xctest */;
			productType = "com.apple.product-type.bundle.ui-testing";
		};
/* End PBXNativeTarget section */

/* Begin PBXProject section */
		2D54DE972698663100E19DCA /* Project object */ = {
			isa = PBXProject;
			attributes = {
				LastSwiftUpdateCheck = 1240;
				LastUpgradeCheck = 1240;
				TargetAttributes = {
					2D54DE9E2698663100E19DCA = {
						CreatedOnToolsVersion = 12.4;
					};
					2D54DEAF2698663800E19DCA = {
						CreatedOnToolsVersion = 12.4;
						TestTargetID = 2D54DE9E2698663100E19DCA;
					};
					2D54DEBA2698663800E19DCA = {
						CreatedOnToolsVersion = 12.4;
						TestTargetID = 2D54DE9E2698663100E19DCA;
					};
				};
			};
			buildConfigurationList = 2D54DE9A2698663100E19DCA /* Build configuration list for PBXProject "SwiftUI-Gestures" */;
			compatibilityVersion = "Xcode 9.3";
			developmentRegion = en;
			hasScannedForEncodings = 0;
			knownRegions = (
				en,
				Base,
			);
			mainGroup = 2D54DE962698663100E19DCA;
			productRefGroup = 2D54DEA02698663100E19DCA /* Products */;
			projectDirPath = "";
			projectRoot = "";
			targets = (
				2D54DE9E2698663100E19DCA /* SwiftUI-Gestures */,
				2D54DEAF2698663800E19DCA /* SwiftUI-GesturesTests */,
				2D54DEBA2698663800E19DCA /* SwiftUI-GesturesUITests */,
			);
		};
/* End PBXProject section */

/* Begin PBXResourcesBuildPhase section */
		2D54DE9D2698663100E19DCA /* Resources */ = {
			isa = PBXResourcesBuildPhase;
			buildActionMask = 2147483647;
			files = (
				2D54DEAA2698663800E19DCA /* Preview Assets.xcassets in Resources */,
				2D54DEA72698663800E19DCA /* Assets.xcassets in Resources */,
			);
			runOnlyForDeploymentPostprocessing = 0;
		};
		2D54DEAE2698663800E19DCA /* Resources */ = {
			isa = PBXResourcesBuildPhase;
			buildActionMask = 2147483647;
			files = (
			);
			runOnlyForDeploymentPostprocessing = 0;
		};
		2D54DEB92698663800E19DCA /* Resources */ = {
			isa = PBXResourcesBuildPhase;
			buildActionMask = 2147483647;
			files = (
			);
			runOnlyForDeploymentPostprocessing = 0;
		};
/* End PBXResourcesBuildPhase section */

/* Begin PBXSourcesBuildPhase section */
		2D54DE9B2698663100E19DCA /* Sources */ = {
			isa = PBXSourcesBuildPhase;
			buildActionMask = 2147483647;
			files = (
				2D54DEA52698663100E19DCA /* ContentView.swift in Sources */,
				2D54DED5269867AA00E19DCA /* Card.swift in Sources */,
				2D54DEA32698663100E19DCA /* SwiftUI_GesturesApp.swift in Sources */,
			);
			runOnlyForDeploymentPostprocessing = 0;
		};
		2D54DEAC2698663800E19DCA /* Sources */ = {
			isa = PBXSourcesBuildPhase;
			buildActionMask = 2147483647;
			files = (
				2D54DEB52698663800E19DCA /* SwiftUI_GesturesTests.swift in Sources */,
			);
			runOnlyForDeploymentPostprocessing = 0;
		};
		2D54DEB72698663800E19DCA /* Sources */ = {
			isa = PBXSourcesBuildPhase;
			buildActionMask = 2147483647;
			files = (
				2D54DEC02698663800E19DCA /* SwiftUI_GesturesUITests.swift in Sources */,
			);
			runOnlyForDeploymentPostprocessing = 0;
		};
/* End PBXSourcesBuildPhase section */

/* Begin PBXTargetDependency section */
		2D54DEB22698663800E19DCA /* PBXTargetDependency */ = {
			isa = PBXTargetDependency;
			target = 2D54DE9E2698663100E19DCA /* SwiftUI-Gestures */;
			targetProxy = 2D54DEB12698663800E19DCA /* PBXContainerItemProxy */;
		};
		2D54DEBD2698663800E19DCA /* PBXTargetDependency */ = {
			isa = PBXTargetDependency;
			target = 2D54DE9E2698663100E19DCA /* SwiftUI-Gestures */;
			targetProxy = 2D54DEBC2698663800E19DCA /* PBXContainerItemProxy */;
		};
/* End PBXTargetDependency section */

/* Begin XCBuildConfiguration section */
		2D54DEC22698663800E19DCA /* Debug */ = {
			isa = XCBuildConfiguration;
			buildSettings = {
				ALWAYS_SEARCH_USER_PATHS = NO;
				CLANG_ANALYZER_NONNULL = YES;
				CLANG_ANALYZER_NUMBER_OBJECT_CONVERSION = YES_AGGRESSIVE;
				CLANG_CXX_LANGUAGE_STANDARD = "gnu++14";
				CLANG_CXX_LIBRARY = "libc++";
				CLANG_ENABLE_MODULES = YES;
				CLANG_ENABLE_OBJC_ARC = YES;
				CLANG_ENABLE_OBJC_WEAK = YES;
				CLANG_WARN_BLOCK_CAPTURE_AUTORELEASING = YES;
				CLANG_WARN_BOOL_CONVERSION = YES;
				CLANG_WARN_COMMA = YES;
				CLANG_WARN_CONSTANT_CONVERSION = YES;
				CLANG_WARN_DEPRECATED_OBJC_IMPLEMENTATIONS = YES;
				CLANG_WARN_DIRECT_OBJC_ISA_USAGE = YES_ERROR;
				CLANG_WARN_DOCUMENTATION_COMMENTS = YES;
				CLANG_WARN_EMPTY_BODY = YES;
				CLANG_WARN_ENUM_CONVERSION = YES;
				CLANG_WARN_INFINITE_RECURSION = YES;
				CLANG_WARN_INT_CONVERSION = YES;
				CLANG_WARN_NON_LITERAL_NULL_CONVERSION = YES;
				CLANG_WARN_OBJC_IMPLICIT_RETAIN_SELF = YES;
				CLANG_WARN_OBJC_LITERAL_CONVERSION = YES;
				CLANG_WARN_OBJC_ROOT_CLASS = YES_ERROR;
				CLANG_WARN_QUOTED_INCLUDE_IN_FRAMEWORK_HEADER = YES;
				CLANG_WARN_RANGE_LOOP_ANALYSIS = YES;
				CLANG_WARN_STRICT_PROTOTYPES = YES;
				CLANG_WARN_SUSPICIOUS_MOVE = YES;
				CLANG_WARN_UNGUARDED_AVAILABILITY = YES_AGGRESSIVE;
				CLANG_WARN_UNREACHABLE_CODE = YES;
				CLANG_WARN__DUPLICATE_METHOD_MATCH = YES;
				COPY_PHASE_STRIP = NO;
				DEBUG_INFORMATION_FORMAT = dwarf;
				ENABLE_STRICT_OBJC_MSGSEND = YES;
				ENABLE_TESTABILITY = YES;
				GCC_C_LANGUAGE_STANDARD = gnu11;
				GCC_DYNAMIC_NO_PIC = NO;
				GCC_NO_COMMON_BLOCKS = YES;
				GCC_OPTIMIZATION_LEVEL = 0;
				GCC_PREPROCESSOR_DEFINITIONS = (
					"DEBUG=1",
					"$(inherited)",
				);
				GCC_WARN_64_TO_32_BIT_CONVERSION = YES;
				GCC_WARN_ABOUT_RETURN_TYPE = YES_ERROR;
				GCC_WARN_UNDECLARED_SELECTOR = YES;
				GCC_WARN_UNINITIALIZED_AUTOS = YES_AGGRESSIVE;
				GCC_WARN_UNUSED_FUNCTION = YES;
				GCC_WARN_UNUSED_VARIABLE = YES;
				IPHONEOS_DEPLOYMENT_TARGET = 14.4;
				MTL_ENABLE_DEBUG_INFO = INCLUDE_SOURCE;
				MTL_FAST_MATH = YES;
				ONLY_ACTIVE_ARCH = YES;
				SDKROOT = iphoneos;
				SWIFT_ACTIVE_COMPILATION_CONDITIONS = DEBUG;
				SWIFT_OPTIMIZATION_LEVEL = "-Onone";
			};
			name = Debug;
		};
		2D54DEC32698663800E19DCA /* Release */ = {
			isa = XCBuildConfiguration;
			buildSettings = {
				ALWAYS_SEARCH_USER_PATHS = NO;
				CLANG_ANALYZER_NONNULL = YES;
				CLANG_ANALYZER_NUMBER_OBJECT_CONVERSION = YES_AGGRESSIVE;
				CLANG_CXX_LANGUAGE_STANDARD = "gnu++14";
				CLANG_CXX_LIBRARY = "libc++";
				CLANG_ENABLE_MODULES = YES;
				CLANG_ENABLE_OBJC_ARC = YES;
				CLANG_ENABLE_OBJC_WEAK = YES;
				CLANG_WARN_BLOCK_CAPTURE_AUTORELEASING = YES;
				CLANG_WARN_BOOL_CONVERSION = YES;
				CLANG_WARN_COMMA = YES;
				CLANG_WARN_CONSTANT_CONVERSION = YES;
				CLANG_WARN_DEPRECATED_OBJC_IMPLEMENTATIONS = YES;
				CLANG_WARN_DIRECT_OBJC_ISA_USAGE = YES_ERROR;
				CLANG_WARN_DOCUMENTATION_COMMENTS = YES;
				CLANG_WARN_EMPTY_BODY = YES;
				CLANG_WARN_ENUM_CONVERSION = YES;
				CLANG_WARN_INFINITE_RECURSION = YES;
				CLANG_WARN_INT_CONVERSION = YES;
				CLANG_WARN_NON_LITERAL_NULL_CONVERSION = YES;
				CLANG_WARN_OBJC_IMPLICIT_RETAIN_SELF = YES;
				CLANG_WARN_OBJC_LITERAL_CONVERSION = YES;
				CLANG_WARN_OBJC_ROOT_CLASS = YES_ERROR;
				CLANG_WARN_QUOTED_INCLUDE_IN_FRAMEWORK_HEADER = YES;
				CLANG_WARN_RANGE_LOOP_ANALYSIS = YES;
				CLANG_WARN_STRICT_PROTOTYPES = YES;
				CLANG_WARN_SUSPICIOUS_MOVE = YES;
				CLANG_WARN_UNGUARDED_AVAILABILITY = YES_AGGRESSIVE;
				CLANG_WARN_UNREACHABLE_CODE = YES;
				CLANG_WARN__DUPLICATE_METHOD_MATCH = YES;
				COPY_PHASE_STRIP = NO;
				DEBUG_INFORMATION_FORMAT = "dwarf-with-dsym";
				ENABLE_NS_ASSERTIONS = NO;
				ENABLE_STRICT_OBJC_MSGSEND = YES;
				GCC_C_LANGUAGE_STANDARD = gnu11;
				GCC_NO_COMMON_BLOCKS = YES;
				GCC_WARN_64_TO_32_BIT_CONVERSION = YES;
				GCC_WARN_ABOUT_RETURN_TYPE = YES_ERROR;
				GCC_WARN_UNDECLARED_SELECTOR = YES;
				GCC_WARN_UNINITIALIZED_AUTOS = YES_AGGRESSIVE;
				GCC_WARN_UNUSED_FUNCTION = YES;
				GCC_WARN_UNUSED_VARIABLE = YES;
				IPHONEOS_DEPLOYMENT_TARGET = 14.4;
				MTL_ENABLE_DEBUG_INFO = NO;
				MTL_FAST_MATH = YES;
				SDKROOT = iphoneos;
				SWIFT_COMPILATION_MODE = wholemodule;
				SWIFT_OPTIMIZATION_LEVEL = "-O";
				VALIDATE_PRODUCT = YES;
			};
			name = Release;
		};
		2D54DEC52698663800E19DCA /* Debug */ = {
			isa = XCBuildConfiguration;
			buildSettings = {
				ASSETCATALOG_COMPILER_APPICON_NAME = AppIcon;
				ASSETCATALOG_COMPILER_GLOBAL_ACCENT_COLOR_NAME = AccentColor;
				CODE_SIGN_STYLE = Automatic;
				DEVELOPMENT_ASSET_PATHS = "\"SwiftUI-Gestures/Preview Content\"";
				DEVELOPMENT_TEAM = AAWXZ6PH5F;
				ENABLE_PREVIEWS = YES;
				INFOPLIST_FILE = "SwiftUI-Gestures/Info.plist";
				IPHONEOS_DEPLOYMENT_TARGET = 14.0;
				LD_RUNPATH_SEARCH_PATHS = (
					"$(inherited)",
					"@executable_path/Frameworks",
				);
				PRODUCT_BUNDLE_IDENTIFIER = "Techzi.SwiftUI-Gestures";
				PRODUCT_NAME = "$(TARGET_NAME)";
				SWIFT_VERSION = 5.0;
				TARGETED_DEVICE_FAMILY = "1,2";
			};
			name = Debug;
		};
		2D54DEC62698663800E19DCA /* Release */ = {
			isa = XCBuildConfiguration;
			buildSettings = {
				ASSETCATALOG_COMPILER_APPICON_NAME = AppIcon;
				ASSETCATALOG_COMPILER_GLOBAL_ACCENT_COLOR_NAME = AccentColor;
				CODE_SIGN_STYLE = Automatic;
				DEVELOPMENT_ASSET_PATHS = "\"SwiftUI-Gestures/Preview Content\"";
				DEVELOPMENT_TEAM = AAWXZ6PH5F;
				ENABLE_PREVIEWS = YES;
				INFOPLIST_FILE = "SwiftUI-Gestures/Info.plist";
				IPHONEOS_DEPLOYMENT_TARGET = 14.0;
				LD_RUNPATH_SEARCH_PATHS = (
					"$(inherited)",
					"@executable_path/Frameworks",
				);
				PRODUCT_BUNDLE_IDENTIFIER = "Techzi.SwiftUI-Gestures";
				PRODUCT_NAME = "$(TARGET_NAME)";
				SWIFT_VERSION = 5.0;
				TARGETED_DEVICE_FAMILY = "1,2";
			};
			name = Release;
		};
		2D54DEC82698663800E19DCA /* Debug */ = {
			isa = XCBuildConfiguration;
			buildSettings = {
				ALWAYS_EMBED_SWIFT_STANDARD_LIBRARIES = YES;
				BUNDLE_LOADER = "$(TEST_HOST)";
				CODE_SIGN_STYLE = Automatic;
				DEVELOPMENT_TEAM = AAWXZ6PH5F;
				INFOPLIST_FILE = "SwiftUI-GesturesTests/Info.plist";
				IPHONEOS_DEPLOYMENT_TARGET = 14.0;
				LD_RUNPATH_SEARCH_PATHS = (
					"$(inherited)",
					"@executable_path/Frameworks",
					"@loader_path/Frameworks",
				);
				PRODUCT_BUNDLE_IDENTIFIER = "Techzi.SwiftUI-GesturesTests";
				PRODUCT_NAME = "$(TARGET_NAME)";
				SWIFT_VERSION = 5.0;
				TARGETED_DEVICE_FAMILY = "1,2";
				TEST_HOST = "$(BUILT_PRODUCTS_DIR)/SwiftUI-Gestures.app/SwiftUI-Gestures";
			};
			name = Debug;
		};
		2D54DEC92698663800E19DCA /* Release */ = {
			isa = XCBuildConfiguration;
			buildSettings = {
				ALWAYS_EMBED_SWIFT_STANDARD_LIBRARIES = YES;
				BUNDLE_LOADER = "$(TEST_HOST)";
				CODE_SIGN_STYLE = Automatic;
				DEVELOPMENT_TEAM = AAWXZ6PH5F;
				INFOPLIST_FILE = "SwiftUI-GesturesTests/Info.plist";
				IPHONEOS_DEPLOYMENT_TARGET = 14.0;
				LD_RUNPATH_SEARCH_PATHS = (
					"$(inherited)",
					"@executable_path/Frameworks",
					"@loader_path/Frameworks",
				);
				PRODUCT_BUNDLE_IDENTIFIER = "Techzi.SwiftUI-GesturesTests";
				PRODUCT_NAME = "$(TARGET_NAME)";
				SWIFT_VERSION = 5.0;
				TARGETED_DEVICE_FAMILY = "1,2";
				TEST_HOST = "$(BUILT_PRODUCTS_DIR)/SwiftUI-Gestures.app/SwiftUI-Gestures";
			};
			name = Release;
		};
		2D54DECB2698663800E19DCA /* Debug */ = {
			isa = XCBuildConfiguration;
			buildSettings = {
				ALWAYS_EMBED_SWIFT_STANDARD_LIBRARIES = YES;
				CODE_SIGN_STYLE = Automatic;
				DEVELOPMENT_TEAM = AAWXZ6PH5F;
				INFOPLIST_FILE = "SwiftUI-GesturesUITests/Info.plist";
				LD_RUNPATH_SEARCH_PATHS = (
					"$(inherited)",
					"@executable_path/Frameworks",
					"@loader_path/Frameworks",
				);
				PRODUCT_BUNDLE_IDENTIFIER = "Techzi.SwiftUI-GesturesUITests";
				PRODUCT_NAME = "$(TARGET_NAME)";
				SWIFT_VERSION = 5.0;
				TARGETED_DEVICE_FAMILY = "1,2";
				TEST_TARGET_NAME = "SwiftUI-Gestures";
			};
			name = Debug;
		};
		2D54DECC2698663800E19DCA /* Release */ = {
			isa = XCBuildConfiguration;
			buildSettings = {
				ALWAYS_EMBED_SWIFT_STANDARD_LIBRARIES = YES;
				CODE_SIGN_STYLE = Automatic;
				DEVELOPMENT_TEAM = AAWXZ6PH5F;
				INFOPLIST_FILE = "SwiftUI-GesturesUITests/Info.plist";
				LD_RUNPATH_SEARCH_PATHS = (
					"$(inherited)",
					"@executable_path/Frameworks",
					"@loader_path/Frameworks",
				);
				PRODUCT_BUNDLE_IDENTIFIER = "Techzi.SwiftUI-GesturesUITests";
				PRODUCT_NAME = "$(TARGET_NAME)";
				SWIFT_VERSION = 5.0;
				TARGETED_DEVICE_FAMILY = "1,2";
				TEST_TARGET_NAME = "SwiftUI-Gestures";
			};
			name = Release;
		};
/* End XCBuildConfiguration section */

/* Begin XCConfigurationList section */
		2D54DE9A2698663100E19DCA /* Build configuration list for PBXProject "SwiftUI-Gestures" */ = {
			isa = XCConfigurationList;
			buildConfigurations = (
				2D54DEC22698663800E19DCA /* Debug */,
				2D54DEC32698663800E19DCA /* Release */,
			);
			defaultConfigurationIsVisible = 0;
			defaultConfigurationName = Release;
		};
		2D54DEC42698663800E19DCA /* Build configuration list for PBXNativeTarget "SwiftUI-Gestures" */ = {
			isa = XCConfigurationList;
			buildConfigurations = (
				2D54DEC52698663800E19DCA /* Debug */,
				2D54DEC62698663800E19DCA /* Release */,
			);
			defaultConfigurationIsVisible = 0;
			defaultConfigurationName = Release;
		};
		2D54DEC72698663800E19DCA /* Build configuration list for PBXNativeTarget "SwiftUI-GesturesTests" */ = {
			isa = XCConfigurationList;
			buildConfigurations = (
				2D54DEC82698663800E19DCA /* Debug */,
				2D54DEC92698663800E19DCA /* Release */,
			);
			defaultConfigurationIsVisible = 0;
			defaultConfigurationName = Release;
		};
		2D54DECA2698663800E19DCA /* Build configuration list for PBXNativeTarget "SwiftUI-GesturesUITests" */ = {
			isa = XCConfigurationList;
			buildConfigurations = (
				2D54DECB2698663800E19DCA /* Debug */,
				2D54DECC2698663800E19DCA /* Release */,
			);
			defaultConfigurationIsVisible = 0;
			defaultConfigurationName = Release;
		};
/* End XCConfigurationList section */
	};
	rootObject = 2D54DE972698663100E19DCA /* Project object */;
}
